
Microsoft Visual Studio Solution File, Format Version 12.00
# Visual Studio 2012
Project("{FAE04EC0-301F-11D3-BF4B-00C04F79EFBC}") = "ConsoleApplication8", "ConsoleApplication8\ConsoleApplication8.csproj", "{06764BC4-35D8-436D-9E9D-848CD0379C34}"
EndProject
Global
	GlobalSection(SolutionConfigurationPlatforms) = preSolution
		Debug|Any CPU = Debug|Any CPU
		Release|Any CPU = Release|Any CPU
	EndGlobalSection
	GlobalSection(ProjectConfigurationPlatforms) = postSolution
		{06764BC4-35D8-436D-9E9D-848CD0379C34}.Debug|Any CPU.ActiveCfg = Debug|Any CPU
		{06764BC4-35D8-436D-9E9D-848CD0379C34}.Debug|Any CPU.Build.0 = Debug|Any CPU
		{06764BC4-35D8-436D-9E9D-848CD0379C34}.Release|Any CPU.ActiveCfg = Release|Any CPU
		{06764BC4-35D8-436D-9E9D-848CD0379C34}.Release|Any CPU.Build.0 = Release|Any CPU
	EndGlobalSection
	GlobalSection(SolutionProperties) = preSolution
		HideSolutionNode = FALSE
	EndGlobalSection
EndGlobal
